{
  "name": "cinema-shop-vue-ui",
  "version": "1.0.0",
  "private": true,
  "type": "module",
  "scripts": {
    "start": "vite --port 3000 --host 0.0.0.0",
    "dev": "vite --port 3000 --host 0.0.0.0",
    "build": "vite build",
    "preview": "vite preview --port 3000 --host 0.0.0.0",
    "lint": "eslint . --ext .vue,.js,.jsx,.cjs,.mjs --fix --ignore-path .gitignore"
  },
  "dependencies": {
    "@popperjs/core": "^2.11.8",
    "axios": "^1.6.7",
    "jwt-decode": "^4.0.0",
    "lodash": "^4.17.21",
    "moment": "^2.30.1",
    "v-calendar": "^3.1.2",
    "vue": "^3.4.21",
    "vue-axios": "^3.5.2",
    "vue-router": "^4.3.0"
  },
  "devDependencies": {
    "@vitejs/plugin-vue": "^5.0.4",
    "eslint": "^8.57.0",
    "eslint-plugin-vue": "^9.22.0",
    "vite": "^5.1.4"
  }
}
