{
  "name": "py-cinema-full-stack",
  "lockfileVersion": 3,
  "requires": true,
  "packages": {
    "": {
      "dependencies": {
        "dotenv": "^16.3.1",
        "lsof": "^0.1.0"
      }
    },
    "node_modules/dotenv": {
      "version": "16.3.1",
      "resolved": "https://registry.npmjs.org/dotenv/-/dotenv-16.3.1.tgz",
      "integrity": "sha512-IPzF4w4/Rd94bA9imS68tZBaYyBWSCE47V1RGuMrB94iyTOIEwRmVL2x/4An+6mETpLrKJ5hQkB8W4kFAadeIQ==",
      "engines": {
        "node": ">=12"
      },
      "funding": {
        "url": "https://github.com/motdotla/dotenv?sponsor=1"
      }
    },
    "node_modules/lsof": {
      "version": "0.1.0",
      "resolved": "https://registry.npmjs.org/lsof/-/lsof-0.1.0.tgz",
      "integrity": "sha512-RlNW3s4gQ0CIlDM3jwfx/Ogdwpa8PHySyd5FnKKXfi2NPXEjqgwONyA0y9ax33ur1G+K+f192zzKNQljupSgNA==",
      "deprecated": "No longer maintained",
      "engines": {
        "node": ">= 0.2.0"
      }
    }
  }
}
